
Microsoft Visual Studio Solution File, Format Version 12.00
# Visual Studio 15
VisualStudioVersion = 15.0.27130.2027
MinimumVisualStudioVersion = 10.0.40219.1
Project("{FAE04EC0-301F-11D3-BF4B-00C04F79EFBC}") = "Caravans", "Caravans\Caravans.csproj", "{0DAAA4EE-1CA0-4055-9837-17C41E454F7A}"
EndProject
Global
	GlobalSection(SolutionConfigurationPlatforms) = preSolution
		Debug|Any CPU = Debug|Any CPU
		Release|Any CPU = Release|Any CPU
	EndGlobalSection
	GlobalSection(ProjectConfigurationPlatforms) = postSolution
		{0DAAA4EE-1CA0-4055-9837-17C41E454F7A}.Debug|Any CPU.ActiveCfg = Debug|Any CPU
		{0DAAA4EE-1CA0-4055-9837-17C41E454F7A}.Debug|Any CPU.Build.0 = Debug|Any CPU
		{0DAAA4EE-1CA0-4055-9837-17C41E454F7A}.Release|Any CPU.ActiveCfg = Release|Any CPU
		{0DAAA4EE-1CA0-4055-9837-17C41E454F7A}.Release|Any CPU.Build.0 = Release|Any CPU
	EndGlobalSection
	GlobalSection(SolutionProperties) = preSolution
		HideSolutionNode = FALSE
	EndGlobalSection
	GlobalSection(ExtensibilityGlobals) = postSolution
		SolutionGuid = {3E890428-23CC-4F02-8AA0-068771413CF3}
	EndGlobalSection
EndGlobal
